
Microsoft Visual Studio Solution File, Format Version 12.00
# Visual Studio Version 16
VisualStudioVersion = 16.0.32630.194
MinimumVisualStudioVersion = 10.0.40219.1
Project("{FAE04EC0-301F-11D3-BF4B-00C04F79EFBC}") = "DirApp", "DirApp\DirApp.csproj", "{435FE667-E897-47E0-9A31-30B20603D031}"
EndProject
Global
	GlobalSection(SolutionConfigurationPlatforms) = preSolution
		Debug|Any CPU = Debug|Any CPU
		Release|Any CPU = Release|Any CPU
	EndGlobalSection
	GlobalSection(ProjectConfigurationPlatforms) = postSolution
		{435FE667-E897-47E0-9A31-30B20603D031}.Debug|Any CPU.ActiveCfg = Debug|Any CPU
		{435FE667-E897-47E0-9A31-30B20603D031}.Debug|Any CPU.Build.0 = Debug|Any CPU
		{435FE667-E897-47E0-9A31-30B20603D031}.Release|Any CPU.ActiveCfg = Release|Any CPU
		{435FE667-E897-47E0-9A31-30B20603D031}.Release|Any CPU.Build.0 = Release|Any CPU
	EndGlobalSection
	GlobalSection(SolutionProperties) = preSolution
		HideSolutionNode = FALSE
	EndGlobalSection
	GlobalSection(ExtensibilityGlobals) = postSolution
		SolutionGuid = {2AB1D19B-2E23-42E1-8941-67AB2A8A1BB4}
	EndGlobalSection
EndGlobal
